
Microsoft Visual Studio Solution File, Format Version 12.00
# Visual Studio Version 17
VisualStudioVersion = 17.7.34024.191
MinimumVisualStudioVersion = 10.0.40219.1
Project("{FAE04EC0-301F-11D3-BF4B-00C04F79EFBC}") = "sharps_cur", "sharps_cur.csproj", "{443FACA8-888F-452F-B55B-8CDEBC9E66EB}"
EndProject
Global
	GlobalSection(SolutionConfigurationPlatforms) = preSolution
		Debug|Any CPU = Debug|Any CPU
		Release|Any CPU = Release|Any CPU
	EndGlobalSection
	GlobalSection(ProjectConfigurationPlatforms) = postSolution
		{443FACA8-888F-452F-B55B-8CDEBC9E66EB}.Debug|Any CPU.ActiveCfg = Debug|Any CPU
		{443FACA8-888F-452F-B55B-8CDEBC9E66EB}.Debug|Any CPU.Build.0 = Debug|Any CPU
		{443FACA8-888F-452F-B55B-8CDEBC9E66EB}.Release|Any CPU.ActiveCfg = Release|Any CPU
		{443FACA8-888F-452F-B55B-8CDEBC9E66EB}.Release|Any CPU.Build.0 = Release|Any CPU
	EndGlobalSection
	GlobalSection(SolutionProperties) = preSolution
		HideSolutionNode = FALSE
	EndGlobalSection
	GlobalSection(ExtensibilityGlobals) = postSolution
		SolutionGuid = {028D7873-328E-45D4-A7CC-512382F8E5DD}
	EndGlobalSection
EndGlobal
